
Microsoft Visual Studio Solution File, Format Version 12.00
# Visual Studio 15
VisualStudioVersion = 15.0.28307.271
MinimumVisualStudioVersion = 10.0.40219.1
Project("{FAE04EC0-301F-11D3-BF4B-00C04F79EFBC}") = "PE11", "PE11\PE11.csproj", "{9F049FB8-CC71-4000-98B2-B5B0DC182460}"
EndProject
Global
	GlobalSection(SolutionConfigurationPlatforms) = preSolution
		Debug|Any CPU = Debug|Any CPU
		Release|Any CPU = Release|Any CPU
	EndGlobalSection
	GlobalSection(ProjectConfigurationPlatforms) = postSolution
		{9F049FB8-CC71-4000-98B2-B5B0DC182460}.Debug|Any CPU.ActiveCfg = Debug|Any CPU
		{9F049FB8-CC71-4000-98B2-B5B0DC182460}.Debug|Any CPU.Build.0 = Debug|Any CPU
		{9F049FB8-CC71-4000-98B2-B5B0DC182460}.Release|Any CPU.ActiveCfg = Release|Any CPU
		{9F049FB8-CC71-4000-98B2-B5B0DC182460}.Release|Any CPU.Build.0 = Release|Any CPU
	EndGlobalSection
	GlobalSection(SolutionProperties) = preSolution
		HideSolutionNode = FALSE
	EndGlobalSection
	GlobalSection(ExtensibilityGlobals) = postSolution
		SolutionGuid = {02D4A819-6E24-4220-AA1D-109FCF4A9BB1}
	EndGlobalSection
EndGlobal
