
Microsoft Visual Studio Solution File, Format Version 12.00
# Visual Studio 15
VisualStudioVersion = 15.0.28307.271
MinimumVisualStudioVersion = 10.0.40219.1
Project("{FAE04EC0-301F-11D3-BF4B-00C04F79EFBC}") = "OOC3", "OOC3\OOC3.csproj", "{B52321AD-8921-4DEB-B59F-042C967FA4F7}"
EndProject
Global
	GlobalSection(SolutionConfigurationPlatforms) = preSolution
		Debug|Any CPU = Debug|Any CPU
		Release|Any CPU = Release|Any CPU
	EndGlobalSection
	GlobalSection(ProjectConfigurationPlatforms) = postSolution
		{B52321AD-8921-4DEB-B59F-042C967FA4F7}.Debug|Any CPU.ActiveCfg = Debug|Any CPU
		{B52321AD-8921-4DEB-B59F-042C967FA4F7}.Debug|Any CPU.Build.0 = Debug|Any CPU
		{B52321AD-8921-4DEB-B59F-042C967FA4F7}.Release|Any CPU.ActiveCfg = Release|Any CPU
		{B52321AD-8921-4DEB-B59F-042C967FA4F7}.Release|Any CPU.Build.0 = Release|Any CPU
	EndGlobalSection
	GlobalSection(SolutionProperties) = preSolution
		HideSolutionNode = FALSE
	EndGlobalSection
	GlobalSection(ExtensibilityGlobals) = postSolution
		SolutionGuid = {2FF7A925-63D5-4E8B-9AD5-6D19DFA09E82}
	EndGlobalSection
EndGlobal
