
Microsoft Visual Studio Solution File, Format Version 12.00
# Visual Studio 15
VisualStudioVersion = 15.0.28307.271
MinimumVisualStudioVersion = 10.0.40219.1
Project("{FAE04EC0-301F-11D3-BF4B-00C04F79EFBC}") = "Milestone2", "Milestone2\Milestone2.csproj", "{421E70E7-26D8-49E3-BF51-28B0635FEDE6}"
EndProject
Global
	GlobalSection(SolutionConfigurationPlatforms) = preSolution
		Debug|Any CPU = Debug|Any CPU
		Release|Any CPU = Release|Any CPU
	EndGlobalSection
	GlobalSection(ProjectConfigurationPlatforms) = postSolution
		{421E70E7-26D8-49E3-BF51-28B0635FEDE6}.Debug|Any CPU.ActiveCfg = Debug|Any CPU
		{421E70E7-26D8-49E3-BF51-28B0635FEDE6}.Debug|Any CPU.Build.0 = Debug|Any CPU
		{421E70E7-26D8-49E3-BF51-28B0635FEDE6}.Release|Any CPU.ActiveCfg = Release|Any CPU
		{421E70E7-26D8-49E3-BF51-28B0635FEDE6}.Release|Any CPU.Build.0 = Release|Any CPU
	EndGlobalSection
	GlobalSection(SolutionProperties) = preSolution
		HideSolutionNode = FALSE
	EndGlobalSection
	GlobalSection(ExtensibilityGlobals) = postSolution
		SolutionGuid = {56099867-75E8-4293-82A0-1436825B1715}
	EndGlobalSection
EndGlobal
