
Microsoft Visual Studio Solution File, Format Version 12.00
# Visual Studio 15
VisualStudioVersion = 15.0.28307.271
MinimumVisualStudioVersion = 10.0.40219.1
Project("{FAE04EC0-301F-11D3-BF4B-00C04F79EFBC}") = "Day6Participation", "Day6Participation\Day6Participation.csproj", "{AF231D24-B4F7-4C63-B4F7-8F827B898FD4}"
EndProject
Global
	GlobalSection(SolutionConfigurationPlatforms) = preSolution
		Debug|Any CPU = Debug|Any CPU
		Release|Any CPU = Release|Any CPU
	EndGlobalSection
	GlobalSection(ProjectConfigurationPlatforms) = postSolution
		{AF231D24-B4F7-4C63-B4F7-8F827B898FD4}.Debug|Any CPU.ActiveCfg = Debug|Any CPU
		{AF231D24-B4F7-4C63-B4F7-8F827B898FD4}.Debug|Any CPU.Build.0 = Debug|Any CPU
		{AF231D24-B4F7-4C63-B4F7-8F827B898FD4}.Release|Any CPU.ActiveCfg = Release|Any CPU
		{AF231D24-B4F7-4C63-B4F7-8F827B898FD4}.Release|Any CPU.Build.0 = Release|Any CPU
	EndGlobalSection
	GlobalSection(SolutionProperties) = preSolution
		HideSolutionNode = FALSE
	EndGlobalSection
	GlobalSection(ExtensibilityGlobals) = postSolution
		SolutionGuid = {2E339CE8-BD4D-410E-A842-58BAD5E86A02}
	EndGlobalSection
EndGlobal
