
Microsoft Visual Studio Solution File, Format Version 12.00
# Visual Studio 15
VisualStudioVersion = 15.0.28307.271
MinimumVisualStudioVersion = 10.0.40219.1
Project("{FAE04EC0-301F-11D3-BF4B-00C04F79EFBC}") = "ColorChangeUpdated", "ColorChangeUpdated\ColorChangeUpdated.csproj", "{AD44BD48-829C-4371-BA9F-DF778191165E}"
EndProject
Global
	GlobalSection(SolutionConfigurationPlatforms) = preSolution
		Debug|Any CPU = Debug|Any CPU
		Release|Any CPU = Release|Any CPU
	EndGlobalSection
	GlobalSection(ProjectConfigurationPlatforms) = postSolution
		{AD44BD48-829C-4371-BA9F-DF778191165E}.Debug|Any CPU.ActiveCfg = Debug|Any CPU
		{AD44BD48-829C-4371-BA9F-DF778191165E}.Debug|Any CPU.Build.0 = Debug|Any CPU
		{AD44BD48-829C-4371-BA9F-DF778191165E}.Release|Any CPU.ActiveCfg = Release|Any CPU
		{AD44BD48-829C-4371-BA9F-DF778191165E}.Release|Any CPU.Build.0 = Release|Any CPU
	EndGlobalSection
	GlobalSection(SolutionProperties) = preSolution
		HideSolutionNode = FALSE
	EndGlobalSection
	GlobalSection(ExtensibilityGlobals) = postSolution
		SolutionGuid = {AECBECA0-6686-4302-8D23-5822635DED98}
	EndGlobalSection
EndGlobal
