
Microsoft Visual Studio Solution File, Format Version 12.00
# Visual Studio 15
VisualStudioVersion = 15.0.28307.271
MinimumVisualStudioVersion = 10.0.40219.1
Project("{FAE04EC0-301F-11D3-BF4B-00C04F79EFBC}") = "Assignment10", "Assignment10\Assignment10.csproj", "{379BEA98-FF01-4D34-A4D1-2ACB1D9FE341}"
EndProject
Global
	GlobalSection(SolutionConfigurationPlatforms) = preSolution
		Debug|Any CPU = Debug|Any CPU
		Release|Any CPU = Release|Any CPU
	EndGlobalSection
	GlobalSection(ProjectConfigurationPlatforms) = postSolution
		{379BEA98-FF01-4D34-A4D1-2ACB1D9FE341}.Debug|Any CPU.ActiveCfg = Debug|Any CPU
		{379BEA98-FF01-4D34-A4D1-2ACB1D9FE341}.Debug|Any CPU.Build.0 = Debug|Any CPU
		{379BEA98-FF01-4D34-A4D1-2ACB1D9FE341}.Release|Any CPU.ActiveCfg = Release|Any CPU
		{379BEA98-FF01-4D34-A4D1-2ACB1D9FE341}.Release|Any CPU.Build.0 = Release|Any CPU
	EndGlobalSection
	GlobalSection(SolutionProperties) = preSolution
		HideSolutionNode = FALSE
	EndGlobalSection
	GlobalSection(ExtensibilityGlobals) = postSolution
		SolutionGuid = {6451DF5F-AF71-4D7E-A66D-11D449474BEB}
	EndGlobalSection
EndGlobal
