
Microsoft Visual Studio Solution File, Format Version 12.00
# Visual Studio 15
VisualStudioVersion = 15.0.28307.271
MinimumVisualStudioVersion = 10.0.40219.1
Project("{FAE04EC0-301F-11D3-BF4B-00C04F79EFBC}") = "Program1", "Program1\Program1.csproj", "{D8641E61-014E-4979-AA31-D430C7741165}"
EndProject
Global
	GlobalSection(SolutionConfigurationPlatforms) = preSolution
		Debug|Any CPU = Debug|Any CPU
		Release|Any CPU = Release|Any CPU
	EndGlobalSection
	GlobalSection(ProjectConfigurationPlatforms) = postSolution
		{D8641E61-014E-4979-AA31-D430C7741165}.Debug|Any CPU.ActiveCfg = Debug|Any CPU
		{D8641E61-014E-4979-AA31-D430C7741165}.Debug|Any CPU.Build.0 = Debug|Any CPU
		{D8641E61-014E-4979-AA31-D430C7741165}.Release|Any CPU.ActiveCfg = Release|Any CPU
		{D8641E61-014E-4979-AA31-D430C7741165}.Release|Any CPU.Build.0 = Release|Any CPU
	EndGlobalSection
	GlobalSection(SolutionProperties) = preSolution
		HideSolutionNode = FALSE
	EndGlobalSection
	GlobalSection(ExtensibilityGlobals) = postSolution
		SolutionGuid = {DF3D5580-D2EB-4A70-B13B-A381F2B5B429}
	EndGlobalSection
EndGlobal
